
Microsoft Visual Studio Solution File, Format Version 12.00
# Visual Studio Version 16
VisualStudioVersion = 16.0.30204.135
MinimumVisualStudioVersion = 10.0.40219.1
Project("{FAE04EC0-301F-11D3-BF4B-00C04F79EFBC}") = "ServerService", "Server\ServerService.csproj", "{9F9E31F4-60DD-4CF7-B969-2FA801BC067F}"
EndProject
Project("{FAE04EC0-301F-11D3-BF4B-00C04F79EFBC}") = "ClientApp", "ClientApp\ClientApp.csproj", "{DF87B390-0E86-44E3-9391-1A623134878F}"
EndProject
Project("{9A19103F-16F7-4668-BE54-9A1E7A4F7556}") = "CommandAndControl", "CommandAndControl\CommandAndControl.csproj", "{165E6179-4A34-4AB9-B00A-AD44C253FD75}"
EndProject
Global
	GlobalSection(SolutionConfigurationPlatforms) = preSolution
		Debug|Any CPU = Debug|Any CPU
		Release|Any CPU = Release|Any CPU
	EndGlobalSection
	GlobalSection(ProjectConfigurationPlatforms) = postSolution
		{9F9E31F4-60DD-4CF7-B969-2FA801BC067F}.Debug|Any CPU.ActiveCfg = Debug|Any CPU
		{9F9E31F4-60DD-4CF7-B969-2FA801BC067F}.Debug|Any CPU.Build.0 = Debug|Any CPU
		{9F9E31F4-60DD-4CF7-B969-2FA801BC067F}.Release|Any CPU.ActiveCfg = Release|Any CPU
		{9F9E31F4-60DD-4CF7-B969-2FA801BC067F}.Release|Any CPU.Build.0 = Release|Any CPU
		{DF87B390-0E86-44E3-9391-1A623134878F}.Debug|Any CPU.ActiveCfg = Debug|Any CPU
		{DF87B390-0E86-44E3-9391-1A623134878F}.Debug|Any CPU.Build.0 = Debug|Any CPU
		{DF87B390-0E86-44E3-9391-1A623134878F}.Debug|Any CPU.Deploy.0 = Debug|Any CPU
		{DF87B390-0E86-44E3-9391-1A623134878F}.Release|Any CPU.ActiveCfg = Release|Any CPU
		{DF87B390-0E86-44E3-9391-1A623134878F}.Release|Any CPU.Build.0 = Release|Any CPU
		{DF87B390-0E86-44E3-9391-1A623134878F}.Release|Any CPU.Deploy.0 = Release|Any CPU
		{165E6179-4A34-4AB9-B00A-AD44C253FD75}.Debug|Any CPU.ActiveCfg = Debug|Any CPU
		{165E6179-4A34-4AB9-B00A-AD44C253FD75}.Debug|Any CPU.Build.0 = Debug|Any CPU
		{165E6179-4A34-4AB9-B00A-AD44C253FD75}.Release|Any CPU.ActiveCfg = Release|Any CPU
		{165E6179-4A34-4AB9-B00A-AD44C253FD75}.Release|Any CPU.Build.0 = Release|Any CPU
	EndGlobalSection
	GlobalSection(SolutionProperties) = preSolution
		HideSolutionNode = FALSE
	EndGlobalSection
	GlobalSection(ExtensibilityGlobals) = postSolution
		SolutionGuid = {FBF69D0F-E0E5-4B98-8BBF-C6367DBF8E42}
	EndGlobalSection
EndGlobal
